
Microsoft Visual Studio Solution File, Format Version 12.00
# Visual Studio Version 17
VisualStudioVersion = 17.0.31903.59
MinimumVisualStudioVersion = 10.0.40219.1
Project("{2150E333-8FDC-42A3-9474-1A3956D46DE8}") = "src", "src", "{827E0CD3-B72D-47B6-A68D-7590B98EB39B}"
EndProject
Project("{FAE04EC0-301F-11D3-BF4B-00C04F79EFBC}") = "DataPitcher.Core", "src\DataPitcher.Core\DataPitcher.Core.csproj", "{C2516EC4-06B6-443A-8045-B3A9FC5F5111}"
EndProject
Project("{2150E333-8FDC-42A3-9474-1A3956D46DE8}") = "tests", "tests", "{0AB3BF05-4346-4AA6-1389-037BE0695223}"
EndProject
Project("{FAE04EC0-301F-11D3-BF4B-00C04F79EFBC}") = "DataPitcher.UnitTests", "tests\DataPitcher.UnitTests\DataPitcher.UnitTests.csproj", "{B2CBDA18-D544-4E30-8F98-FB8448DC4C03}"
EndProject
Project("{FAE04EC0-301F-11D3-BF4B-00C04F79EFBC}") = "DataPitcher.ArchitectureTests", "tests\DataPitcher.ArchitectureTests\DataPitcher.ArchitectureTests.csproj", "{C7035578-2A34-4F62-B758-7A5C9D992014}"
EndProject
Project("{FAE04EC0-301F-11D3-BF4B-00C04F79EFBC}") = "DataPitcher.Providers.PostgreSql.IntegrationTests", "tests\DataPitcher.Providers.PostgreSql.IntegrationTests\DataPitcher.Providers.PostgreSql.IntegrationTests.csproj", "{B8D49501-86F1-4EFD-A346-557ED01AD749}"
EndProject
Project("{FAE04EC0-301F-11D3-BF4B-00C04F79EFBC}") = "DataPitcher.Providers.PostgreSql", "src\DataPitcher.Providers.PostgreSql\DataPitcher.Providers.PostgreSql.csproj", "{0B42F98C-7409-4BCE-87C2-AB4353C8F729}"
EndProject
Project("{FAE04EC0-301F-11D3-BF4B-00C04F79EFBC}") = "DataPitcher.Auth.Abstractions", "src\DataPitcher.Auth.Abstractions\DataPitcher.Auth.Abstractions.csproj", "{9C495137-4752-4088-B870-C3C0F50D7D11}"
EndProject
Project("{FAE04EC0-301F-11D3-BF4B-00C04F79EFBC}") = "DataPitcher.Infrastructure", "src\DataPitcher.Infrastructure\DataPitcher.Infrastructure.csproj", "{3005BA75-2389-4ED4-A4BA-B1306548CF47}"
EndProject
Project("{FAE04EC0-301F-11D3-BF4B-00C04F79EFBC}") = "DataPitcher.Providers.SqlServer", "src\DataPitcher.Providers.SqlServer\DataPitcher.Providers.SqlServer.csproj", "{A2895A25-300C-4E14-A5C3-83E87D116E34}"
EndProject
Project("{FAE04EC0-301F-11D3-BF4B-00C04F79EFBC}") = "DataPitcher.Providers.SqlServer.IntegrationTests", "tests\DataPitcher.Providers.SqlServer.IntegrationTests\DataPitcher.Providers.SqlServer.IntegrationTests.csproj", "{7E2BB74D-54B6-4072-BF3D-50DBC049A540}"
EndProject
Global
	GlobalSection(SolutionConfigurationPlatforms) = preSolution
		Debug|Any CPU = Debug|Any CPU
		Debug|x64 = Debug|x64
		Debug|x86 = Debug|x86
		Release|Any CPU = Release|Any CPU
		Release|x64 = Release|x64
		Release|x86 = Release|x86
	EndGlobalSection
	GlobalSection(ProjectConfigurationPlatforms) = postSolution
		{C2516EC4-06B6-443A-8045-B3A9FC5F5111}.Debug|Any CPU.ActiveCfg = Debug|Any CPU
		{C2516EC4-06B6-443A-8045-B3A9FC5F5111}.Debug|Any CPU.Build.0 = Debug|Any CPU
		{C2516EC4-06B6-443A-8045-B3A9FC5F5111}.Debug|x64.ActiveCfg = Debug|Any CPU
		{C2516EC4-06B6-443A-8045-B3A9FC5F5111}.Debug|x64.Build.0 = Debug|Any CPU
		{C2516EC4-06B6-443A-8045-B3A9FC5F5111}.Debug|x86.ActiveCfg = Debug|Any CPU
		{C2516EC4-06B6-443A-8045-B3A9FC5F5111}.Debug|x86.Build.0 = Debug|Any CPU
		{C2516EC4-06B6-443A-8045-B3A9FC5F5111}.Release|Any CPU.ActiveCfg = Release|Any CPU
		{C2516EC4-06B6-443A-8045-B3A9FC5F5111}.Release|Any CPU.Build.0 = Release|Any CPU
		{C2516EC4-06B6-443A-8045-B3A9FC5F5111}.Release|x64.ActiveCfg = Release|Any CPU
		{C2516EC4-06B6-443A-8045-B3A9FC5F5111}.Release|x64.Build.0 = Release|Any CPU
		{C2516EC4-06B6-443A-8045-B3A9FC5F5111}.Release|x86.ActiveCfg = Release|Any CPU
		{C2516EC4-06B6-443A-8045-B3A9FC5F5111}.Release|x86.Build.0 = Release|Any CPU
		{B2CBDA18-D544-4E30-8F98-FB8448DC4C03}.Debug|Any CPU.ActiveCfg = Debug|Any CPU
		{B2CBDA18-D544-4E30-8F98-FB8448DC4C03}.Debug|Any CPU.Build.0 = Debug|Any CPU
		{B2CBDA18-D544-4E30-8F98-FB8448DC4C03}.Debug|x64.ActiveCfg = Debug|Any CPU
		{B2CBDA18-D544-4E30-8F98-FB8448DC4C03}.Debug|x64.Build.0 = Debug|Any CPU
		{B2CBDA18-D544-4E30-8F98-FB8448DC4C03}.Debug|x86.ActiveCfg = Debug|Any CPU
		{B2CBDA18-D544-4E30-8F98-FB8448DC4C03}.Debug|x86.Build.0 = Debug|Any CPU
		{B2CBDA18-D544-4E30-8F98-FB8448DC4C03}.Release|Any CPU.ActiveCfg = Release|Any CPU
		{B2CBDA18-D544-4E30-8F98-FB8448DC4C03}.Release|Any CPU.Build.0 = Release|Any CPU
		{B2CBDA18-D544-4E30-8F98-FB8448DC4C03}.Release|x64.ActiveCfg = Release|Any CPU
		{B2CBDA18-D544-4E30-8F98-FB8448DC4C03}.Release|x64.Build.0 = Release|Any CPU
		{B2CBDA18-D544-4E30-8F98-FB8448DC4C03}.Release|x86.ActiveCfg = Release|Any CPU
		{B2CBDA18-D544-4E30-8F98-FB8448DC4C03}.Release|x86.Build.0 = Release|Any CPU
		{C7035578-2A34-4F62-B758-7A5C9D992014}.Debug|Any CPU.ActiveCfg = Debug|Any CPU
		{C7035578-2A34-4F62-B758-7A5C9D992014}.Debug|Any CPU.Build.0 = Debug|Any CPU
		{C7035578-2A34-4F62-B758-7A5C9D992014}.Debug|x64.ActiveCfg = Debug|Any CPU
		{C7035578-2A34-4F62-B758-7A5C9D992014}.Debug|x64.Build.0 = Debug|Any CPU
		{C7035578-2A34-4F62-B758-7A5C9D992014}.Debug|x86.ActiveCfg = Debug|Any CPU
		{C7035578-2A34-4F62-B758-7A5C9D992014}.Debug|x86.Build.0 = Debug|Any CPU
		{C7035578-2A34-4F62-B758-7A5C9D992014}.Release|Any CPU.ActiveCfg = Release|Any CPU
		{C7035578-2A34-4F62-B758-7A5C9D992014}.Release|Any CPU.Build.0 = Release|Any CPU
		{C7035578-2A34-4F62-B758-7A5C9D992014}.Release|x64.ActiveCfg = Release|Any CPU
		{C7035578-2A34-4F62-B758-7A5C9D992014}.Release|x64.Build.0 = Release|Any CPU
		{C7035578-2A34-4F62-B758-7A5C9D992014}.Release|x86.ActiveCfg = Release|Any CPU
		{C7035578-2A34-4F62-B758-7A5C9D992014}.Release|x86.Build.0 = Release|Any CPU
		{B8D49501-86F1-4EFD-A346-557ED01AD749}.Debug|Any CPU.ActiveCfg = Debug|Any CPU
		{B8D49501-86F1-4EFD-A346-557ED01AD749}.Debug|Any CPU.Build.0 = Debug|Any CPU
		{B8D49501-86F1-4EFD-A346-557ED01AD749}.Debug|x64.ActiveCfg = Debug|Any CPU
		{B8D49501-86F1-4EFD-A346-557ED01AD749}.Debug|x64.Build.0 = Debug|Any CPU
		{B8D49501-86F1-4EFD-A346-557ED01AD749}.Debug|x86.ActiveCfg = Debug|Any CPU
		{B8D49501-86F1-4EFD-A346-557ED01AD749}.Debug|x86.Build.0 = Debug|Any CPU
		{B8D49501-86F1-4EFD-A346-557ED01AD749}.Release|Any CPU.ActiveCfg = Release|Any CPU
		{B8D49501-86F1-4EFD-A346-557ED01AD749}.Release|Any CPU.Build.0 = Release|Any CPU
		{B8D49501-86F1-4EFD-A346-557ED01AD749}.Release|x64.ActiveCfg = Release|Any CPU
		{B8D49501-86F1-4EFD-A346-557ED01AD749}.Release|x64.Build.0 = Release|Any CPU
		{B8D49501-86F1-4EFD-A346-557ED01AD749}.Release|x86.ActiveCfg = Release|Any CPU
		{B8D49501-86F1-4EFD-A346-557ED01AD749}.Release|x86.Build.0 = Release|Any CPU
		{0B42F98C-7409-4BCE-87C2-AB4353C8F729}.Debug|Any CPU.ActiveCfg = Debug|Any CPU
		{0B42F98C-7409-4BCE-87C2-AB4353C8F729}.Debug|Any CPU.Build.0 = Debug|Any CPU
		{0B42F98C-7409-4BCE-87C2-AB4353C8F729}.Debug|x64.ActiveCfg = Debug|Any CPU
		{0B42F98C-7409-4BCE-87C2-AB4353C8F729}.Debug|x64.Build.0 = Debug|Any CPU
		{0B42F98C-7409-4BCE-87C2-AB4353C8F729}.Debug|x86.ActiveCfg = Debug|Any CPU
		{0B42F98C-7409-4BCE-87C2-AB4353C8F729}.Debug|x86.Build.0 = Debug|Any CPU
		{0B42F98C-7409-4BCE-87C2-AB4353C8F729}.Release|Any CPU.ActiveCfg = Release|Any CPU
		{0B42F98C-7409-4BCE-87C2-AB4353C8F729}.Release|Any CPU.Build.0 = Release|Any CPU
		{0B42F98C-7409-4BCE-87C2-AB4353C8F729}.Release|x64.ActiveCfg = Release|Any CPU
		{0B42F98C-7409-4BCE-87C2-AB4353C8F729}.Release|x64.Build.0 = Release|Any CPU
		{0B42F98C-7409-4BCE-87C2-AB4353C8F729}.Release|x86.ActiveCfg = Release|Any CPU
		{0B42F98C-7409-4BCE-87C2-AB4353C8F729}.Release|x86.Build.0 = Release|Any CPU
		{9C495137-4752-4088-B870-C3C0F50D7D11}.Debug|Any CPU.ActiveCfg = Debug|Any CPU
		{9C495137-4752-4088-B870-C3C0F50D7D11}.Debug|Any CPU.Build.0 = Debug|Any CPU
		{9C495137-4752-4088-B870-C3C0F50D7D11}.Debug|x64.ActiveCfg = Debug|Any CPU
		{9C495137-4752-4088-B870-C3C0F50D7D11}.Debug|x64.Build.0 = Debug|Any CPU
		{9C495137-4752-4088-B870-C3C0F50D7D11}.Debug|x86.ActiveCfg = Debug|Any CPU
		{9C495137-4752-4088-B870-C3C0F50D7D11}.Debug|x86.Build.0 = Debug|Any CPU
		{9C495137-4752-4088-B870-C3C0F50D7D11}.Release|Any CPU.ActiveCfg = Release|Any CPU
		{9C495137-4752-4088-B870-C3C0F50D7D11}.Release|Any CPU.Build.0 = Release|Any CPU
		{9C495137-4752-4088-B870-C3C0F50D7D11}.Release|x64.ActiveCfg = Release|Any CPU
		{9C495137-4752-4088-B870-C3C0F50D7D11}.Release|x64.Build.0 = Release|Any CPU
		{9C495137-4752-4088-B870-C3C0F50D7D11}.Release|x86.ActiveCfg = Release|Any CPU
		{9C495137-4752-4088-B870-C3C0F50D7D11}.Release|x86.Build.0 = Release|Any CPU
		{3005BA75-2389-4ED4-A4BA-B1306548CF47}.Debug|Any CPU.ActiveCfg = Debug|Any CPU
		{3005BA75-2389-4ED4-A4BA-B1306548CF47}.Debug|Any CPU.Build.0 = Debug|Any CPU
		{3005BA75-2389-4ED4-A4BA-B1306548CF47}.Debug|x64.ActiveCfg = Debug|Any CPU
		{3005BA75-2389-4ED4-A4BA-B1306548CF47}.Debug|x64.Build.0 = Debug|Any CPU
		{3005BA75-2389-4ED4-A4BA-B1306548CF47}.Debug|x86.ActiveCfg = Debug|Any CPU
		{3005BA75-2389-4ED4-A4BA-B1306548CF47}.Debug|x86.Build.0 = Debug|Any CPU
		{3005BA75-2389-4ED4-A4BA-B1306548CF47}.Release|Any CPU.ActiveCfg = Release|Any CPU
		{3005BA75-2389-4ED4-A4BA-B1306548CF47}.Release|Any CPU.Build.0 = Release|Any CPU
		{3005BA75-2389-4ED4-A4BA-B1306548CF47}.Release|x64.ActiveCfg = Release|Any CPU
		{3005BA75-2389-4ED4-A4BA-B1306548CF47}.Release|x64.Build.0 = Release|Any CPU
		{3005BA75-2389-4ED4-A4BA-B1306548CF47}.Release|x86.ActiveCfg = Release|Any CPU
		{3005BA75-2389-4ED4-A4BA-B1306548CF47}.Release|x86.Build.0 = Release|Any CPU
		{A2895A25-300C-4E14-A5C3-83E87D116E34}.Debug|Any CPU.ActiveCfg = Debug|Any CPU
		{A2895A25-300C-4E14-A5C3-83E87D116E34}.Debug|Any CPU.Build.0 = Debug|Any CPU
		{A2895A25-300C-4E14-A5C3-83E87D116E34}.Debug|x64.ActiveCfg = Debug|Any CPU
		{A2895A25-300C-4E14-A5C3-83E87D116E34}.Debug|x64.Build.0 = Debug|Any CPU
		{A2895A25-300C-4E14-A5C3-83E87D116E34}.Debug|x86.ActiveCfg = Debug|Any CPU
		{A2895A25-300C-4E14-A5C3-83E87D116E34}.Debug|x86.Build.0 = Debug|Any CPU
		{A2895A25-300C-4E14-A5C3-83E87D116E34}.Release|Any CPU.ActiveCfg = Release|Any CPU
		{A2895A25-300C-4E14-A5C3-83E87D116E34}.Release|Any CPU.Build.0 = Release|Any CPU
		{A2895A25-300C-4E14-A5C3-83E87D116E34}.Release|x64.ActiveCfg = Release|Any CPU
		{A2895A25-300C-4E14-A5C3-83E87D116E34}.Release|x64.Build.0 = Release|Any CPU
		{A2895A25-300C-4E14-A5C3-83E87D116E34}.Release|x86.ActiveCfg = Release|Any CPU
		{A2895A25-300C-4E14-A5C3-83E87D116E34}.Release|x86.Build.0 = Release|Any CPU
		{7E2BB74D-54B6-4072-BF3D-50DBC049A540}.Debug|Any CPU.ActiveCfg = Debug|Any CPU
		{7E2BB74D-54B6-4072-BF3D-50DBC049A540}.Debug|Any CPU.Build.0 = Debug|Any CPU
		{7E2BB74D-54B6-4072-BF3D-50DBC049A540}.Debug|x64.ActiveCfg = Debug|Any CPU
		{7E2BB74D-54B6-4072-BF3D-50DBC049A540}.Debug|x64.Build.0 = Debug|Any CPU
		{7E2BB74D-54B6-4072-BF3D-50DBC049A540}.Debug|x86.ActiveCfg = Debug|Any CPU
		{7E2BB74D-54B6-4072-BF3D-50DBC049A540}.Debug|x86.Build.0 = Debug|Any CPU
		{7E2BB74D-54B6-4072-BF3D-50DBC049A540}.Release|Any CPU.ActiveCfg = Release|Any CPU
		{7E2BB74D-54B6-4072-BF3D-50DBC049A540}.Release|Any CPU.Build.0 = Release|Any CPU
		{7E2BB74D-54B6-4072-BF3D-50DBC049A540}.Release|x64.ActiveCfg = Release|Any CPU
		{7E2BB74D-54B6-4072-BF3D-50DBC049A540}.Release|x64.Build.0 = Release|Any CPU
		{7E2BB74D-54B6-4072-BF3D-50DBC049A540}.Release|x86.ActiveCfg = Release|Any CPU
		{7E2BB74D-54B6-4072-BF3D-50DBC049A540}.Release|x86.Build.0 = Release|Any CPU
	EndGlobalSection
	GlobalSection(SolutionProperties) = preSolution
		HideSolutionNode = FALSE
	EndGlobalSection
	GlobalSection(NestedProjects) = preSolution
		{C2516EC4-06B6-443A-8045-B3A9FC5F5111} = {827E0CD3-B72D-47B6-A68D-7590B98EB39B}
		{B2CBDA18-D544-4E30-8F98-FB8448DC4C03} = {0AB3BF05-4346-4AA6-1389-037BE0695223}
		{C7035578-2A34-4F62-B758-7A5C9D992014} = {0AB3BF05-4346-4AA6-1389-037BE0695223}
		{B8D49501-86F1-4EFD-A346-557ED01AD749} = {0AB3BF05-4346-4AA6-1389-037BE0695223}
		{0B42F98C-7409-4BCE-87C2-AB4353C8F729} = {827E0CD3-B72D-47B6-A68D-7590B98EB39B}
		{9C495137-4752-4088-B870-C3C0F50D7D11} = {827E0CD3-B72D-47B6-A68D-7590B98EB39B}
		{3005BA75-2389-4ED4-A4BA-B1306548CF47} = {827E0CD3-B72D-47B6-A68D-7590B98EB39B}
		{A2895A25-300C-4E14-A5C3-83E87D116E34} = {827E0CD3-B72D-47B6-A68D-7590B98EB39B}
		{7E2BB74D-54B6-4072-BF3D-50DBC049A540} = {0AB3BF05-4346-4AA6-1389-037BE0695223}
	EndGlobalSection
EndGlobal
