
Microsoft Visual Studio Solution File, Format Version 12.00
# Visual Studio Version 17
VisualStudioVersion = 17.0.31903.59
MinimumVisualStudioVersion = 10.0.40219.1
Project("{2150E333-8FDC-42A3-9474-1A3956D46DE8}") = "src", "src", "{827E0CD3-B72D-47B6-A68D-7590B98EB39B}"
EndProject
Project("{FAE04EC0-301F-11D3-BF4B-00C04F79EFBC}") = "DataPitcher.Core", "src\DataPitcher.Core\DataPitcher.Core.csproj", "{C2516EC4-06B6-443A-8045-B3A9FC5F5111}"
EndProject
Project("{2150E333-8FDC-42A3-9474-1A3956D46DE8}") = "tests", "tests", "{0AB3BF05-4346-4AA6-1389-037BE0695223}"
EndProject
Project("{FAE04EC0-301F-11D3-BF4B-00C04F79EFBC}") = "DataPitcher.UnitTests", "tests\DataPitcher.UnitTests\DataPitcher.UnitTests.csproj", "{B2CBDA18-D544-4E30-8F98-FB8448DC4C03}"
EndProject
Project("{FAE04EC0-301F-11D3-BF4B-00C04F79EFBC}") = "DataPitcher.ArchitectureTests", "tests\DataPitcher.ArchitectureTests\DataPitcher.ArchitectureTests.csproj", "{C7035578-2A34-4F62-B758-7A5C9D992014}"
EndProject
Project("{FAE04EC0-301F-11D3-BF4B-00C04F79EFBC}") = "DataPitcher.Providers.PostgreSql.IntegrationTests", "tests\DataPitcher.Providers.PostgreSql.IntegrationTests\DataPitcher.Providers.PostgreSql.IntegrationTests.csproj", "{B8D49501-86F1-4EFD-A346-557ED01AD749}"
EndProject
Project("{FAE04EC0-301F-11D3-BF4B-00C04F79EFBC}") = "DataPitcher.Providers.PostgreSql", "src\DataPitcher.Providers.PostgreSql\DataPitcher.Providers.PostgreSql.csproj", "{0B42F98C-7409-4BCE-87C2-AB4353C8F729}"
EndProject
Project("{FAE04EC0-301F-11D3-BF4B-00C04F79EFBC}") = "DataPitcher.Auth.Abstractions", "src\DataPitcher.Auth.Abstractions\DataPitcher.Auth.Abstractions.csproj", "{9C495137-4752-4088-B870-C3C0F50D7D11}"
EndProject
Project("{FAE04EC0-301F-11D3-BF4B-00C04F79EFBC}") = "DataPitcher.Infrastructure", "src\DataPitcher.Infrastructure\DataPitcher.Infrastructure.csproj", "{3005BA75-2389-4ED4-A4BA-B1306548CF47}"
EndProject
Project("{FAE04EC0-301F-11D3-BF4B-00C04F79EFBC}") = "DataPitcher.Providers.SqlServer", "src\DataPitcher.Providers.SqlServer\DataPitcher.Providers.SqlServer.csproj", "{A2895A25-300C-4E14-A5C3-83E87D116E34}"
EndProject
Project("{FAE04EC0-301F-11D3-BF4B-00C04F79EFBC}") = "DataPitcher.Providers.SqlServer.IntegrationTests", "tests\DataPitcher.Providers.SqlServer.IntegrationTests\DataPitcher.Providers.SqlServer.IntegrationTests.csproj", "{7E2BB74D-54B6-4072-BF3D-50DBC049A540}"
EndProject
	Project("{FAE04EC0-301F-11D3-BF4B-00C04F79EFBC}") = "DataPitcher.Auth.AspNetCore", "src\DataPitcher.Auth.AspNetCore\DataPitcher.Auth.AspNetCore.csproj", "{4D24F9AC-7391-44E9-87E0-2B4D338B3B49}"
EndProject
Project("{FAE04EC0-301F-11D3-BF4B-00C04F79EFBC}") = "DataPitcher.Auth.OpenIdConnect", "src\DataPitcher.Auth.OpenIdConnect\DataPitcher.Auth.OpenIdConnect.csproj", "{2809EE33-CBD3-429F-B214-A14BD12236C5}"
EndProject
Project("{FAE04EC0-301F-11D3-BF4B-00C04F79EFBC}") = "DataPitcher.Auth.Entra", "src\DataPitcher.Auth.Entra\DataPitcher.Auth.Entra.csproj", "{E72EEDC1-34A9-4B27-B0FF-E8D1D058E339}"
EndProject
Project("{FAE04EC0-301F-11D3-BF4B-00C04F79EFBC}") = "DataPitcher.Auth.Development", "src\DataPitcher.Auth.Development\DataPitcher.Auth.Development.csproj", "{E74FFC49-56E4-4A7F-BB6D-D9770E81C246}"
EndProject
Project("{FAE04EC0-301F-11D3-BF4B-00C04F79EFBC}") = "DataPitcher.Auth.Hosting", "src\DataPitcher.Auth.Hosting\DataPitcher.Auth.Hosting.csproj", "{083B79E3-CF68-4A02-9C6C-E1FE5E49B7F8}"
EndProject
	Project("{FAE04EC0-301F-11D3-BF4B-00C04F79EFBC}") = "DataPitcher.Auth.IntegrationTests", "tests\DataPitcher.Auth.IntegrationTests\DataPitcher.Auth.IntegrationTests.csproj", "{30DF2BA2-374B-43ED-959D-F4DF3B43A98A}"
	EndProject
	Project("{FAE04EC0-301F-11D3-BF4B-00C04F79EFBC}") = "DataPitcher.Api", "src\DataPitcher.Api\DataPitcher.Api.csproj", "{599DCEBB-F983-4C47-BFCD-283D8F84728B}"
EndProject
Project("{FAE04EC0-301F-11D3-BF4B-00C04F79EFBC}") = "DataPitcher.Api.IntegrationTests", "tests\DataPitcher.Api.IntegrationTests\DataPitcher.Api.IntegrationTests.csproj", "{D3869028-40A9-427D-A3D6-CF1F57F5D5E3}"
EndProject
Global
	GlobalSection(SolutionConfigurationPlatforms) = preSolution
		Debug|Any CPU = Debug|Any CPU
		Debug|x64 = Debug|x64
		Debug|x86 = Debug|x86
		Release|Any CPU = Release|Any CPU
		Release|x64 = Release|x64
		Release|x86 = Release|x86
	EndGlobalSection
	GlobalSection(ProjectConfigurationPlatforms) = postSolution
		{C2516EC4-06B6-443A-8045-B3A9FC5F5111}.Debug|Any CPU.ActiveCfg = Debug|Any CPU
		{C2516EC4-06B6-443A-8045-B3A9FC5F5111}.Debug|Any CPU.Build.0 = Debug|Any CPU
		{C2516EC4-06B6-443A-8045-B3A9FC5F5111}.Debug|x64.ActiveCfg = Debug|Any CPU
		{C2516EC4-06B6-443A-8045-B3A9FC5F5111}.Debug|x64.Build.0 = Debug|Any CPU
		{C2516EC4-06B6-443A-8045-B3A9FC5F5111}.Debug|x86.ActiveCfg = Debug|Any CPU
		{C2516EC4-06B6-443A-8045-B3A9FC5F5111}.Debug|x86.Build.0 = Debug|Any CPU
		{C2516EC4-06B6-443A-8045-B3A9FC5F5111}.Release|Any CPU.ActiveCfg = Release|Any CPU
		{C2516EC4-06B6-443A-8045-B3A9FC5F5111}.Release|Any CPU.Build.0 = Release|Any CPU
		{C2516EC4-06B6-443A-8045-B3A9FC5F5111}.Release|x64.ActiveCfg = Release|Any CPU
		{C2516EC4-06B6-443A-8045-B3A9FC5F5111}.Release|x64.Build.0 = Release|Any CPU
		{C2516EC4-06B6-443A-8045-B3A9FC5F5111}.Release|x86.ActiveCfg = Release|Any CPU
		{C2516EC4-06B6-443A-8045-B3A9FC5F5111}.Release|x86.Build.0 = Release|Any CPU
		{B2CBDA18-D544-4E30-8F98-FB8448DC4C03}.Debug|Any CPU.ActiveCfg = Debug|Any CPU
		{B2CBDA18-D544-4E30-8F98-FB8448DC4C03}.Debug|Any CPU.Build.0 = Debug|Any CPU
		{B2CBDA18-D544-4E30-8F98-FB8448DC4C03}.Debug|x64.ActiveCfg = Debug|Any CPU
		{B2CBDA18-D544-4E30-8F98-FB8448DC4C03}.Debug|x64.Build.0 = Debug|Any CPU
		{B2CBDA18-D544-4E30-8F98-FB8448DC4C03}.Debug|x86.ActiveCfg = Debug|Any CPU
		{B2CBDA18-D544-4E30-8F98-FB8448DC4C03}.Debug|x86.Build.0 = Debug|Any CPU
		{B2CBDA18-D544-4E30-8F98-FB8448DC4C03}.Release|Any CPU.ActiveCfg = Release|Any CPU
		{B2CBDA18-D544-4E30-8F98-FB8448DC4C03}.Release|Any CPU.Build.0 = Release|Any CPU
		{B2CBDA18-D544-4E30-8F98-FB8448DC4C03}.Release|x64.ActiveCfg = Release|Any CPU
		{B2CBDA18-D544-4E30-8F98-FB8448DC4C03}.Release|x64.Build.0 = Release|Any CPU
		{B2CBDA18-D544-4E30-8F98-FB8448DC4C03}.Release|x86.ActiveCfg = Release|Any CPU
		{B2CBDA18-D544-4E30-8F98-FB8448DC4C03}.Release|x86.Build.0 = Release|Any CPU
		{C7035578-2A34-4F62-B758-7A5C9D992014}.Debug|Any CPU.ActiveCfg = Debug|Any CPU
		{C7035578-2A34-4F62-B758-7A5C9D992014}.Debug|Any CPU.Build.0 = Debug|Any CPU
		{C7035578-2A34-4F62-B758-7A5C9D992014}.Debug|x64.ActiveCfg = Debug|Any CPU
		{C7035578-2A34-4F62-B758-7A5C9D992014}.Debug|x64.Build.0 = Debug|Any CPU
		{C7035578-2A34-4F62-B758-7A5C9D992014}.Debug|x86.ActiveCfg = Debug|Any CPU
		{C7035578-2A34-4F62-B758-7A5C9D992014}.Debug|x86.Build.0 = Debug|Any CPU
		{C7035578-2A34-4F62-B758-7A5C9D992014}.Release|Any CPU.ActiveCfg = Release|Any CPU
		{C7035578-2A34-4F62-B758-7A5C9D992014}.Release|Any CPU.Build.0 = Release|Any CPU
		{C7035578-2A34-4F62-B758-7A5C9D992014}.Release|x64.ActiveCfg = Release|Any CPU
		{C7035578-2A34-4F62-B758-7A5C9D992014}.Release|x64.Build.0 = Release|Any CPU
		{C7035578-2A34-4F62-B758-7A5C9D992014}.Release|x86.ActiveCfg = Release|Any CPU
		{C7035578-2A34-4F62-B758-7A5C9D992014}.Release|x86.Build.0 = Release|Any CPU
		{B8D49501-86F1-4EFD-A346-557ED01AD749}.Debug|Any CPU.ActiveCfg = Debug|Any CPU
		{B8D49501-86F1-4EFD-A346-557ED01AD749}.Debug|Any CPU.Build.0 = Debug|Any CPU
		{B8D49501-86F1-4EFD-A346-557ED01AD749}.Debug|x64.ActiveCfg = Debug|Any CPU
		{B8D49501-86F1-4EFD-A346-557ED01AD749}.Debug|x64.Build.0 = Debug|Any CPU
		{B8D49501-86F1-4EFD-A346-557ED01AD749}.Debug|x86.ActiveCfg = Debug|Any CPU
		{B8D49501-86F1-4EFD-A346-557ED01AD749}.Debug|x86.Build.0 = Debug|Any CPU
		{B8D49501-86F1-4EFD-A346-557ED01AD749}.Release|Any CPU.ActiveCfg = Release|Any CPU
		{B8D49501-86F1-4EFD-A346-557ED01AD749}.Release|Any CPU.Build.0 = Release|Any CPU
		{B8D49501-86F1-4EFD-A346-557ED01AD749}.Release|x64.ActiveCfg = Release|Any CPU
		{B8D49501-86F1-4EFD-A346-557ED01AD749}.Release|x64.Build.0 = Release|Any CPU
		{B8D49501-86F1-4EFD-A346-557ED01AD749}.Release|x86.ActiveCfg = Release|Any CPU
		{B8D49501-86F1-4EFD-A346-557ED01AD749}.Release|x86.Build.0 = Release|Any CPU
		{0B42F98C-7409-4BCE-87C2-AB4353C8F729}.Debug|Any CPU.ActiveCfg = Debug|Any CPU
		{0B42F98C-7409-4BCE-87C2-AB4353C8F729}.Debug|Any CPU.Build.0 = Debug|Any CPU
		{0B42F98C-7409-4BCE-87C2-AB4353C8F729}.Debug|x64.ActiveCfg = Debug|Any CPU
		{0B42F98C-7409-4BCE-87C2-AB4353C8F729}.Debug|x64.Build.0 = Debug|Any CPU
		{0B42F98C-7409-4BCE-87C2-AB4353C8F729}.Debug|x86.ActiveCfg = Debug|Any CPU
		{0B42F98C-7409-4BCE-87C2-AB4353C8F729}.Debug|x86.Build.0 = Debug|Any CPU
		{0B42F98C-7409-4BCE-87C2-AB4353C8F729}.Release|Any CPU.ActiveCfg = Release|Any CPU
		{0B42F98C-7409-4BCE-87C2-AB4353C8F729}.Release|Any CPU.Build.0 = Release|Any CPU
		{0B42F98C-7409-4BCE-87C2-AB4353C8F729}.Release|x64.ActiveCfg = Release|Any CPU
		{0B42F98C-7409-4BCE-87C2-AB4353C8F729}.Release|x64.Build.0 = Release|Any CPU
		{0B42F98C-7409-4BCE-87C2-AB4353C8F729}.Release|x86.ActiveCfg = Release|Any CPU
		{0B42F98C-7409-4BCE-87C2-AB4353C8F729}.Release|x86.Build.0 = Release|Any CPU
		{9C495137-4752-4088-B870-C3C0F50D7D11}.Debug|Any CPU.ActiveCfg = Debug|Any CPU
		{9C495137-4752-4088-B870-C3C0F50D7D11}.Debug|Any CPU.Build.0 = Debug|Any CPU
		{9C495137-4752-4088-B870-C3C0F50D7D11}.Debug|x64.ActiveCfg = Debug|Any CPU
		{9C495137-4752-4088-B870-C3C0F50D7D11}.Debug|x64.Build.0 = Debug|Any CPU
		{9C495137-4752-4088-B870-C3C0F50D7D11}.Debug|x86.ActiveCfg = Debug|Any CPU
		{9C495137-4752-4088-B870-C3C0F50D7D11}.Debug|x86.Build.0 = Debug|Any CPU
		{9C495137-4752-4088-B870-C3C0F50D7D11}.Release|Any CPU.ActiveCfg = Release|Any CPU
		{9C495137-4752-4088-B870-C3C0F50D7D11}.Release|Any CPU.Build.0 = Release|Any CPU
		{9C495137-4752-4088-B870-C3C0F50D7D11}.Release|x64.ActiveCfg = Release|Any CPU
		{9C495137-4752-4088-B870-C3C0F50D7D11}.Release|x64.Build.0 = Release|Any CPU
		{9C495137-4752-4088-B870-C3C0F50D7D11}.Release|x86.ActiveCfg = Release|Any CPU
		{9C495137-4752-4088-B870-C3C0F50D7D11}.Release|x86.Build.0 = Release|Any CPU
		{3005BA75-2389-4ED4-A4BA-B1306548CF47}.Debug|Any CPU.ActiveCfg = Debug|Any CPU
		{3005BA75-2389-4ED4-A4BA-B1306548CF47}.Debug|Any CPU.Build.0 = Debug|Any CPU
		{3005BA75-2389-4ED4-A4BA-B1306548CF47}.Debug|x64.ActiveCfg = Debug|Any CPU
		{3005BA75-2389-4ED4-A4BA-B1306548CF47}.Debug|x64.Build.0 = Debug|Any CPU
		{3005BA75-2389-4ED4-A4BA-B1306548CF47}.Debug|x86.ActiveCfg = Debug|Any CPU
		{3005BA75-2389-4ED4-A4BA-B1306548CF47}.Debug|x86.Build.0 = Debug|Any CPU
		{3005BA75-2389-4ED4-A4BA-B1306548CF47}.Release|Any CPU.ActiveCfg = Release|Any CPU
		{3005BA75-2389-4ED4-A4BA-B1306548CF47}.Release|Any CPU.Build.0 = Release|Any CPU
		{3005BA75-2389-4ED4-A4BA-B1306548CF47}.Release|x64.ActiveCfg = Release|Any CPU
		{3005BA75-2389-4ED4-A4BA-B1306548CF47}.Release|x64.Build.0 = Release|Any CPU
		{3005BA75-2389-4ED4-A4BA-B1306548CF47}.Release|x86.ActiveCfg = Release|Any CPU
		{3005BA75-2389-4ED4-A4BA-B1306548CF47}.Release|x86.Build.0 = Release|Any CPU
		{A2895A25-300C-4E14-A5C3-83E87D116E34}.Debug|Any CPU.ActiveCfg = Debug|Any CPU
		{A2895A25-300C-4E14-A5C3-83E87D116E34}.Debug|Any CPU.Build.0 = Debug|Any CPU
		{A2895A25-300C-4E14-A5C3-83E87D116E34}.Debug|x64.ActiveCfg = Debug|Any CPU
		{A2895A25-300C-4E14-A5C3-83E87D116E34}.Debug|x64.Build.0 = Debug|Any CPU
		{A2895A25-300C-4E14-A5C3-83E87D116E34}.Debug|x86.ActiveCfg = Debug|Any CPU
		{A2895A25-300C-4E14-A5C3-83E87D116E34}.Debug|x86.Build.0 = Debug|Any CPU
		{A2895A25-300C-4E14-A5C3-83E87D116E34}.Release|Any CPU.ActiveCfg = Release|Any CPU
		{A2895A25-300C-4E14-A5C3-83E87D116E34}.Release|Any CPU.Build.0 = Release|Any CPU
		{A2895A25-300C-4E14-A5C3-83E87D116E34}.Release|x64.ActiveCfg = Release|Any CPU
		{A2895A25-300C-4E14-A5C3-83E87D116E34}.Release|x64.Build.0 = Release|Any CPU
		{A2895A25-300C-4E14-A5C3-83E87D116E34}.Release|x86.ActiveCfg = Release|Any CPU
		{A2895A25-300C-4E14-A5C3-83E87D116E34}.Release|x86.Build.0 = Release|Any CPU
		{7E2BB74D-54B6-4072-BF3D-50DBC049A540}.Debug|Any CPU.ActiveCfg = Debug|Any CPU
		{7E2BB74D-54B6-4072-BF3D-50DBC049A540}.Debug|Any CPU.Build.0 = Debug|Any CPU
		{7E2BB74D-54B6-4072-BF3D-50DBC049A540}.Debug|x64.ActiveCfg = Debug|Any CPU
		{7E2BB74D-54B6-4072-BF3D-50DBC049A540}.Debug|x64.Build.0 = Debug|Any CPU
		{7E2BB74D-54B6-4072-BF3D-50DBC049A540}.Debug|x86.ActiveCfg = Debug|Any CPU
		{7E2BB74D-54B6-4072-BF3D-50DBC049A540}.Debug|x86.Build.0 = Debug|Any CPU
		{7E2BB74D-54B6-4072-BF3D-50DBC049A540}.Release|Any CPU.ActiveCfg = Release|Any CPU
		{7E2BB74D-54B6-4072-BF3D-50DBC049A540}.Release|Any CPU.Build.0 = Release|Any CPU
		{7E2BB74D-54B6-4072-BF3D-50DBC049A540}.Release|x64.ActiveCfg = Release|Any CPU
		{7E2BB74D-54B6-4072-BF3D-50DBC049A540}.Release|x64.Build.0 = Release|Any CPU
		{7E2BB74D-54B6-4072-BF3D-50DBC049A540}.Release|x86.ActiveCfg = Release|Any CPU
		{7E2BB74D-54B6-4072-BF3D-50DBC049A540}.Release|x86.Build.0 = Release|Any CPU
		{4D24F9AC-7391-44E9-87E0-2B4D338B3B49}.Debug|Any CPU.ActiveCfg = Debug|Any CPU
		{4D24F9AC-7391-44E9-87E0-2B4D338B3B49}.Debug|Any CPU.Build.0 = Debug|Any CPU
		{4D24F9AC-7391-44E9-87E0-2B4D338B3B49}.Debug|x64.ActiveCfg = Debug|Any CPU
		{4D24F9AC-7391-44E9-87E0-2B4D338B3B49}.Debug|x64.Build.0 = Debug|Any CPU
		{4D24F9AC-7391-44E9-87E0-2B4D338B3B49}.Debug|x86.ActiveCfg = Debug|Any CPU
		{4D24F9AC-7391-44E9-87E0-2B4D338B3B49}.Debug|x86.Build.0 = Debug|Any CPU
		{4D24F9AC-7391-44E9-87E0-2B4D338B3B49}.Release|Any CPU.ActiveCfg = Release|Any CPU
		{4D24F9AC-7391-44E9-87E0-2B4D338B3B49}.Release|Any CPU.Build.0 = Release|Any CPU
		{4D24F9AC-7391-44E9-87E0-2B4D338B3B49}.Release|x64.ActiveCfg = Release|Any CPU
		{4D24F9AC-7391-44E9-87E0-2B4D338B3B49}.Release|x64.Build.0 = Release|Any CPU
		{4D24F9AC-7391-44E9-87E0-2B4D338B3B49}.Release|x86.ActiveCfg = Release|Any CPU
		{4D24F9AC-7391-44E9-87E0-2B4D338B3B49}.Release|x86.Build.0 = Release|Any CPU
		{2809EE33-CBD3-429F-B214-A14BD12236C5}.Debug|Any CPU.ActiveCfg = Debug|Any CPU
		{2809EE33-CBD3-429F-B214-A14BD12236C5}.Debug|Any CPU.Build.0 = Debug|Any CPU
		{2809EE33-CBD3-429F-B214-A14BD12236C5}.Debug|x64.ActiveCfg = Debug|Any CPU
		{2809EE33-CBD3-429F-B214-A14BD12236C5}.Debug|x64.Build.0 = Debug|Any CPU
		{2809EE33-CBD3-429F-B214-A14BD12236C5}.Debug|x86.ActiveCfg = Debug|Any CPU
		{2809EE33-CBD3-429F-B214-A14BD12236C5}.Debug|x86.Build.0 = Debug|Any CPU
		{2809EE33-CBD3-429F-B214-A14BD12236C5}.Release|Any CPU.ActiveCfg = Release|Any CPU
		{2809EE33-CBD3-429F-B214-A14BD12236C5}.Release|Any CPU.Build.0 = Release|Any CPU
		{2809EE33-CBD3-429F-B214-A14BD12236C5}.Release|x64.ActiveCfg = Release|Any CPU
		{2809EE33-CBD3-429F-B214-A14BD12236C5}.Release|x64.Build.0 = Release|Any CPU
		{2809EE33-CBD3-429F-B214-A14BD12236C5}.Release|x86.ActiveCfg = Release|Any CPU
		{2809EE33-CBD3-429F-B214-A14BD12236C5}.Release|x86.Build.0 = Release|Any CPU
		{E72EEDC1-34A9-4B27-B0FF-E8D1D058E339}.Debug|Any CPU.ActiveCfg = Debug|Any CPU
		{E72EEDC1-34A9-4B27-B0FF-E8D1D058E339}.Debug|Any CPU.Build.0 = Debug|Any CPU
		{E72EEDC1-34A9-4B27-B0FF-E8D1D058E339}.Debug|x64.ActiveCfg = Debug|Any CPU
		{E72EEDC1-34A9-4B27-B0FF-E8D1D058E339}.Debug|x64.Build.0 = Debug|Any CPU
		{E72EEDC1-34A9-4B27-B0FF-E8D1D058E339}.Debug|x86.ActiveCfg = Debug|Any CPU
		{E72EEDC1-34A9-4B27-B0FF-E8D1D058E339}.Debug|x86.Build.0 = Debug|Any CPU
		{E72EEDC1-34A9-4B27-B0FF-E8D1D058E339}.Release|Any CPU.ActiveCfg = Release|Any CPU
		{E72EEDC1-34A9-4B27-B0FF-E8D1D058E339}.Release|Any CPU.Build.0 = Release|Any CPU
		{E72EEDC1-34A9-4B27-B0FF-E8D1D058E339}.Release|x64.ActiveCfg = Release|Any CPU
		{E72EEDC1-34A9-4B27-B0FF-E8D1D058E339}.Release|x64.Build.0 = Release|Any CPU
		{E72EEDC1-34A9-4B27-B0FF-E8D1D058E339}.Release|x86.ActiveCfg = Release|Any CPU
		{E72EEDC1-34A9-4B27-B0FF-E8D1D058E339}.Release|x86.Build.0 = Release|Any CPU
		{E74FFC49-56E4-4A7F-BB6D-D9770E81C246}.Debug|Any CPU.ActiveCfg = Debug|Any CPU
		{E74FFC49-56E4-4A7F-BB6D-D9770E81C246}.Debug|Any CPU.Build.0 = Debug|Any CPU
		{E74FFC49-56E4-4A7F-BB6D-D9770E81C246}.Debug|x64.ActiveCfg = Debug|Any CPU
		{E74FFC49-56E4-4A7F-BB6D-D9770E81C246}.Debug|x64.Build.0 = Debug|Any CPU
		{E74FFC49-56E4-4A7F-BB6D-D9770E81C246}.Debug|x86.ActiveCfg = Debug|Any CPU
		{E74FFC49-56E4-4A7F-BB6D-D9770E81C246}.Debug|x86.Build.0 = Debug|Any CPU
		{E74FFC49-56E4-4A7F-BB6D-D9770E81C246}.Release|Any CPU.ActiveCfg = Release|Any CPU
		{E74FFC49-56E4-4A7F-BB6D-D9770E81C246}.Release|Any CPU.Build.0 = Release|Any CPU
		{E74FFC49-56E4-4A7F-BB6D-D9770E81C246}.Release|x64.ActiveCfg = Release|Any CPU
		{E74FFC49-56E4-4A7F-BB6D-D9770E81C246}.Release|x64.Build.0 = Release|Any CPU
		{E74FFC49-56E4-4A7F-BB6D-D9770E81C246}.Release|x86.ActiveCfg = Release|Any CPU
		{E74FFC49-56E4-4A7F-BB6D-D9770E81C246}.Release|x86.Build.0 = Release|Any CPU
		{083B79E3-CF68-4A02-9C6C-E1FE5E49B7F8}.Debug|Any CPU.ActiveCfg = Debug|Any CPU
		{083B79E3-CF68-4A02-9C6C-E1FE5E49B7F8}.Debug|Any CPU.Build.0 = Debug|Any CPU
		{083B79E3-CF68-4A02-9C6C-E1FE5E49B7F8}.Debug|x64.ActiveCfg = Debug|Any CPU
		{083B79E3-CF68-4A02-9C6C-E1FE5E49B7F8}.Debug|x64.Build.0 = Debug|Any CPU
		{083B79E3-CF68-4A02-9C6C-E1FE5E49B7F8}.Debug|x86.ActiveCfg = Debug|Any CPU
		{083B79E3-CF68-4A02-9C6C-E1FE5E49B7F8}.Debug|x86.Build.0 = Debug|Any CPU
		{083B79E3-CF68-4A02-9C6C-E1FE5E49B7F8}.Release|Any CPU.ActiveCfg = Release|Any CPU
		{083B79E3-CF68-4A02-9C6C-E1FE5E49B7F8}.Release|Any CPU.Build.0 = Release|Any CPU
		{083B79E3-CF68-4A02-9C6C-E1FE5E49B7F8}.Release|x64.ActiveCfg = Release|Any CPU
		{083B79E3-CF68-4A02-9C6C-E1FE5E49B7F8}.Release|x64.Build.0 = Release|Any CPU
		{083B79E3-CF68-4A02-9C6C-E1FE5E49B7F8}.Release|x86.ActiveCfg = Release|Any CPU
		{083B79E3-CF68-4A02-9C6C-E1FE5E49B7F8}.Release|x86.Build.0 = Release|Any CPU
		{30DF2BA2-374B-43ED-959D-F4DF3B43A98A}.Debug|Any CPU.ActiveCfg = Debug|Any CPU
		{30DF2BA2-374B-43ED-959D-F4DF3B43A98A}.Debug|Any CPU.Build.0 = Debug|Any CPU
		{30DF2BA2-374B-43ED-959D-F4DF3B43A98A}.Debug|x64.ActiveCfg = Debug|Any CPU
		{30DF2BA2-374B-43ED-959D-F4DF3B43A98A}.Debug|x64.Build.0 = Debug|Any CPU
		{30DF2BA2-374B-43ED-959D-F4DF3B43A98A}.Debug|x86.ActiveCfg = Debug|Any CPU
		{30DF2BA2-374B-43ED-959D-F4DF3B43A98A}.Debug|x86.Build.0 = Debug|Any CPU
		{30DF2BA2-374B-43ED-959D-F4DF3B43A98A}.Release|Any CPU.ActiveCfg = Release|Any CPU
		{30DF2BA2-374B-43ED-959D-F4DF3B43A98A}.Release|Any CPU.Build.0 = Release|Any CPU
		{30DF2BA2-374B-43ED-959D-F4DF3B43A98A}.Release|x64.ActiveCfg = Release|Any CPU
		{30DF2BA2-374B-43ED-959D-F4DF3B43A98A}.Release|x64.Build.0 = Release|Any CPU
		{30DF2BA2-374B-43ED-959D-F4DF3B43A98A}.Release|x86.ActiveCfg = Release|Any CPU
		{30DF2BA2-374B-43ED-959D-F4DF3B43A98A}.Release|x86.Build.0 = Release|Any CPU
		{599DCEBB-F983-4C47-BFCD-283D8F84728B}.Debug|Any CPU.ActiveCfg = Debug|Any CPU
		{599DCEBB-F983-4C47-BFCD-283D8F84728B}.Debug|Any CPU.Build.0 = Debug|Any CPU
		{599DCEBB-F983-4C47-BFCD-283D8F84728B}.Debug|x64.ActiveCfg = Debug|Any CPU
		{599DCEBB-F983-4C47-BFCD-283D8F84728B}.Debug|x64.Build.0 = Debug|Any CPU
		{599DCEBB-F983-4C47-BFCD-283D8F84728B}.Debug|x86.ActiveCfg = Debug|Any CPU
		{599DCEBB-F983-4C47-BFCD-283D8F84728B}.Debug|x86.Build.0 = Debug|Any CPU
		{599DCEBB-F983-4C47-BFCD-283D8F84728B}.Release|Any CPU.ActiveCfg = Release|Any CPU
		{599DCEBB-F983-4C47-BFCD-283D8F84728B}.Release|Any CPU.Build.0 = Release|Any CPU
		{599DCEBB-F983-4C47-BFCD-283D8F84728B}.Release|x64.ActiveCfg = Release|Any CPU
		{599DCEBB-F983-4C47-BFCD-283D8F84728B}.Release|x64.Build.0 = Release|Any CPU
		{599DCEBB-F983-4C47-BFCD-283D8F84728B}.Release|x86.ActiveCfg = Release|Any CPU
		{599DCEBB-F983-4C47-BFCD-283D8F84728B}.Release|x86.Build.0 = Release|Any CPU
		{D3869028-40A9-427D-A3D6-CF1F57F5D5E3}.Debug|Any CPU.ActiveCfg = Debug|Any CPU
		{D3869028-40A9-427D-A3D6-CF1F57F5D5E3}.Debug|Any CPU.Build.0 = Debug|Any CPU
		{D3869028-40A9-427D-A3D6-CF1F57F5D5E3}.Debug|x64.ActiveCfg = Debug|Any CPU
		{D3869028-40A9-427D-A3D6-CF1F57F5D5E3}.Debug|x64.Build.0 = Debug|Any CPU
		{D3869028-40A9-427D-A3D6-CF1F57F5D5E3}.Debug|x86.ActiveCfg = Debug|Any CPU
		{D3869028-40A9-427D-A3D6-CF1F57F5D5E3}.Debug|x86.Build.0 = Debug|Any CPU
		{D3869028-40A9-427D-A3D6-CF1F57F5D5E3}.Release|Any CPU.ActiveCfg = Release|Any CPU
		{D3869028-40A9-427D-A3D6-CF1F57F5D5E3}.Release|Any CPU.Build.0 = Release|Any CPU
		{D3869028-40A9-427D-A3D6-CF1F57F5D5E3}.Release|x64.ActiveCfg = Release|Any CPU
		{D3869028-40A9-427D-A3D6-CF1F57F5D5E3}.Release|x64.Build.0 = Release|Any CPU
		{D3869028-40A9-427D-A3D6-CF1F57F5D5E3}.Release|x86.ActiveCfg = Release|Any CPU
		{D3869028-40A9-427D-A3D6-CF1F57F5D5E3}.Release|x86.Build.0 = Release|Any CPU
	EndGlobalSection
	GlobalSection(SolutionProperties) = preSolution
		HideSolutionNode = FALSE
	EndGlobalSection
	GlobalSection(NestedProjects) = preSolution
		{C2516EC4-06B6-443A-8045-B3A9FC5F5111} = {827E0CD3-B72D-47B6-A68D-7590B98EB39B}
		{B2CBDA18-D544-4E30-8F98-FB8448DC4C03} = {0AB3BF05-4346-4AA6-1389-037BE0695223}
		{C7035578-2A34-4F62-B758-7A5C9D992014} = {0AB3BF05-4346-4AA6-1389-037BE0695223}
		{B8D49501-86F1-4EFD-A346-557ED01AD749} = {0AB3BF05-4346-4AA6-1389-037BE0695223}
		{0B42F98C-7409-4BCE-87C2-AB4353C8F729} = {827E0CD3-B72D-47B6-A68D-7590B98EB39B}
		{9C495137-4752-4088-B870-C3C0F50D7D11} = {827E0CD3-B72D-47B6-A68D-7590B98EB39B}
		{3005BA75-2389-4ED4-A4BA-B1306548CF47} = {827E0CD3-B72D-47B6-A68D-7590B98EB39B}
		{A2895A25-300C-4E14-A5C3-83E87D116E34} = {827E0CD3-B72D-47B6-A68D-7590B98EB39B}
		{7E2BB74D-54B6-4072-BF3D-50DBC049A540} = {0AB3BF05-4346-4AA6-1389-037BE0695223}
		{4D24F9AC-7391-44E9-87E0-2B4D338B3B49} = {827E0CD3-B72D-47B6-A68D-7590B98EB39B}
		{2809EE33-CBD3-429F-B214-A14BD12236C5} = {827E0CD3-B72D-47B6-A68D-7590B98EB39B}
		{E72EEDC1-34A9-4B27-B0FF-E8D1D058E339} = {827E0CD3-B72D-47B6-A68D-7590B98EB39B}
		{E74FFC49-56E4-4A7F-BB6D-D9770E81C246} = {827E0CD3-B72D-47B6-A68D-7590B98EB39B}
		{083B79E3-CF68-4A02-9C6C-E1FE5E49B7F8} = {827E0CD3-B72D-47B6-A68D-7590B98EB39B}
		{30DF2BA2-374B-43ED-959D-F4DF3B43A98A} = {0AB3BF05-4346-4AA6-1389-037BE0695223}
		{599DCEBB-F983-4C47-BFCD-283D8F84728B} = {827E0CD3-B72D-47B6-A68D-7590B98EB39B}
		{D3869028-40A9-427D-A3D6-CF1F57F5D5E3} = {0AB3BF05-4346-4AA6-1389-037BE0695223}
	EndGlobalSection
EndGlobal
